
Microsoft Visual Studio Solution File, Format Version 12.00
# Visual Studio Version 17
VisualStudioVersion = 17.4.33213.308
MinimumVisualStudioVersion = 10.0.40219.1
Project("{FAE04EC0-301F-11D3-BF4B-00C04F79EFBC}") = "HealthBook.Server", "HealthBook.Server\HealthBook.Server.csproj", "{3EF99DCD-235D-4855-891F-1DD405AD7EC8}"
EndProject
Global
	GlobalSection(SolutionConfigurationPlatforms) = preSolution
		Debug|Any CPU = Debug|Any CPU
		Release|Any CPU = Release|Any CPU
	EndGlobalSection
	GlobalSection(ProjectConfigurationPlatforms) = postSolution
		{3EF99DCD-235D-4855-891F-1DD405AD7EC8}.Debug|Any CPU.ActiveCfg = Debug|Any CPU
		{3EF99DCD-235D-4855-891F-1DD405AD7EC8}.Debug|Any CPU.Build.0 = Debug|Any CPU
		{3EF99DCD-235D-4855-891F-1DD405AD7EC8}.Release|Any CPU.ActiveCfg = Release|Any CPU
		{3EF99DCD-235D-4855-891F-1DD405AD7EC8}.Release|Any CPU.Build.0 = Release|Any CPU
	EndGlobalSection
	GlobalSection(SolutionProperties) = preSolution
		HideSolutionNode = FALSE
	EndGlobalSection
	GlobalSection(ExtensibilityGlobals) = postSolution
		SolutionGuid = {7A347BE9-1F22-4772-A774-85A5752A60E8}
	EndGlobalSection
EndGlobal
